
Microsoft Visual Studio Solution File, Format Version 12.00
# Visual Studio 14
VisualStudioVersion = 14.0.24720.0
MinimumVisualStudioVersion = 10.0.40219.1
Project("{FAE04EC0-301F-11D3-BF4B-00C04F79EFBC}") = "EPad", "EPad\EPad.csproj", "{06D15979-BB69-485C-ABE1-F82D6569898B}"
EndProject
Project("{FAE04EC0-301F-11D3-BF4B-00C04F79EFBC}") = "EPad.Desktop", "EPad.Desktop\EPad.Desktop.csproj", "{222AE6FD-8CD1-4AA3-BED8-8674018BC283}"
EndProject
Project("{FAE04EC0-301F-11D3-BF4B-00C04F79EFBC}") = "OmniEditorX", "OmniEditorX\OmniEditorX.csproj", "{50F27F2A-B2FE-40F1-9114-2AB195BA4F2E}"
EndProject
Global
	GlobalSection(SolutionConfigurationPlatforms) = preSolution
		Debug|Any CPU = Debug|Any CPU
		Release|Any CPU = Release|Any CPU
	EndGlobalSection
	GlobalSection(ProjectConfigurationPlatforms) = postSolution
		{06D15979-BB69-485C-ABE1-F82D6569898B}.Debug|Any CPU.ActiveCfg = Debug|Any CPU
		{06D15979-BB69-485C-ABE1-F82D6569898B}.Debug|Any CPU.Build.0 = Debug|Any CPU
		{06D15979-BB69-485C-ABE1-F82D6569898B}.Release|Any CPU.ActiveCfg = Release|Any CPU
		{06D15979-BB69-485C-ABE1-F82D6569898B}.Release|Any CPU.Build.0 = Release|Any CPU
		{222AE6FD-8CD1-4AA3-BED8-8674018BC283}.Debug|Any CPU.ActiveCfg = Debug|Any CPU
		{222AE6FD-8CD1-4AA3-BED8-8674018BC283}.Debug|Any CPU.Build.0 = Debug|Any CPU
		{222AE6FD-8CD1-4AA3-BED8-8674018BC283}.Release|Any CPU.ActiveCfg = Release|Any CPU
		{222AE6FD-8CD1-4AA3-BED8-8674018BC283}.Release|Any CPU.Build.0 = Release|Any CPU
		{50F27F2A-B2FE-40F1-9114-2AB195BA4F2E}.Debug|Any CPU.ActiveCfg = Debug|Any CPU
		{50F27F2A-B2FE-40F1-9114-2AB195BA4F2E}.Debug|Any CPU.Build.0 = Debug|Any CPU
		{50F27F2A-B2FE-40F1-9114-2AB195BA4F2E}.Release|Any CPU.ActiveCfg = Release|Any CPU
		{50F27F2A-B2FE-40F1-9114-2AB195BA4F2E}.Release|Any CPU.Build.0 = Release|Any CPU
	EndGlobalSection
	GlobalSection(SolutionProperties) = preSolution
		HideSolutionNode = FALSE
	EndGlobalSection
EndGlobal
